
Microsoft Visual Studio Solution File, Format Version 12.00
# Visual Studio Version 17
VisualStudioVersion = 17.3.32901.215
MinimumVisualStudioVersion = 10.0.40219.1
Project("{FAE04EC0-301F-11D3-BF4B-00C04F79EFBC}") = "ProiectPAW2023_Tursim", "ProiectPAW2023_Tursim.csproj", "{BA9A8B25-3B5F-4272-B3A9-F56555376368}"
EndProject
Global
	GlobalSection(SolutionConfigurationPlatforms) = preSolution
		Debug|Any CPU = Debug|Any CPU
		Release|Any CPU = Release|Any CPU
	EndGlobalSection
	GlobalSection(ProjectConfigurationPlatforms) = postSolution
		{BA9A8B25-3B5F-4272-B3A9-F56555376368}.Debug|Any CPU.ActiveCfg = Debug|Any CPU
		{BA9A8B25-3B5F-4272-B3A9-F56555376368}.Debug|Any CPU.Build.0 = Debug|Any CPU
		{BA9A8B25-3B5F-4272-B3A9-F56555376368}.Release|Any CPU.ActiveCfg = Release|Any CPU
		{BA9A8B25-3B5F-4272-B3A9-F56555376368}.Release|Any CPU.Build.0 = Release|Any CPU
	EndGlobalSection
	GlobalSection(SolutionProperties) = preSolution
		HideSolutionNode = FALSE
	EndGlobalSection
	GlobalSection(ExtensibilityGlobals) = postSolution
		SolutionGuid = {F9B2EBBF-3532-4534-8944-7A6B6270B770}
	EndGlobalSection
EndGlobal
